
Microsoft Visual Studio Solution File, Format Version 12.00
# Visual Studio Version 16
VisualStudioVersion = 16.0.30128.74
MinimumVisualStudioVersion = 10.0.40219.1
Project("{8BC9CEB8-8B4A-11D0-8D11-00A0C91BC942}") = "Win32Demo", "Win32Demo.vcxproj", "{B762FA73-AC2D-4EAB-BC4C-38AAD7207DC6}"
EndProject
Project("{8BC9CEB8-8B4A-11D0-8D11-00A0C91BC942}") = "01-ThreadDlg", "..\ThreadDemo\ThreadDemo.vcxproj", "{3FBD48D6-A471-41CA-B3B9-E60FC851A401}"
EndProject
Project("{8BC9CEB8-8B4A-11D0-8D11-00A0C91BC942}") = "MMFShare", "..\MMFShare\MMFShare.vcxproj", "{C8F6C3D8-F7FC-47EE-9687-3AFFF7729841}"
EndProject
Project("{8BC9CEB8-8B4A-11D0-8D11-00A0C91BC942}") = "MMFShare2", "..\MMFShare2\MMFShare2.vcxproj", "{425ED163-26B1-44A5-ACDD-B19B6AF33F19}"
EndProject
Project("{8BC9CEB8-8B4A-11D0-8D11-00A0C91BC942}") = "01-Thread01", "..\01-Thread01\01-Thread01.vcxproj", "{75D913BF-F4BC-4E75-9102-1ED5D634E533}"
EndProject
Project("{8BC9CEB8-8B4A-11D0-8D11-00A0C91BC942}") = "01-Thread02", "..\01-Thread02\01-Thread02.vcxproj", "{89FAE08D-154D-4750-A2DD-F5CC2BD08030}"
EndProject
Project("{8BC9CEB8-8B4A-11D0-8D11-00A0C91BC942}") = "02-Socket01", "..\02-Socket01\02-Socket01.vcxproj", "{AFE4D477-69BD-4638-A6F7-1C177C7F4873}"
EndProject
Project("{8BC9CEB8-8B4A-11D0-8D11-00A0C91BC942}") = "03-MongooseServer", "..\03-MongooseServer\03-MongooseServer.vcxproj", "{A1DBFCE0-054B-4C64-9D3E-5CF4D788C8C4}"
EndProject
Project("{8BC9CEB8-8B4A-11D0-8D11-00A0C91BC942}") = "03-MongooseClient", "..\03-MongooseClient\03-MongooseClient.vcxproj", "{7FF45540-1270-4669-AD64-1E08378E6312}"
EndProject
Project("{8BC9CEB8-8B4A-11D0-8D11-00A0C91BC942}") = "03-MongooseServer71", "..\03-MongooseServer71\03-MongooseServer71.vcxproj", "{1375E0D2-B8A5-4F18-BAC5-7288EACCAB90}"
EndProject
Project("{8BC9CEB8-8B4A-11D0-8D11-00A0C91BC942}") = "03-MongooseClient71", "..\03-MongooseClient71\03-MongooseClient71.vcxproj", "{7B788F8C-9664-463E-B778-D16CA1B970B5}"
EndProject
Project("{8BC9CEB8-8B4A-11D0-8D11-00A0C91BC942}") = "04-RapidJson", "..\04-RapidJson\04-RapidJson.vcxproj", "{61D101A7-7E0C-41DC-BBB2-E98C90019B41}"
EndProject
Project("{8BC9CEB8-8B4A-11D0-8D11-00A0C91BC942}") = "05-CharacterSet", "..\05-CharacterSet\05-CharacterSet.vcxproj", "{E8CD5CF1-29C4-45C8-B9BA-3BD5186C0456}"
EndProject
Global
	GlobalSection(SolutionConfigurationPlatforms) = preSolution
		Debug|x64 = Debug|x64
		Debug|x86 = Debug|x86
		Release|x64 = Release|x64
		Release|x86 = Release|x86
	EndGlobalSection
	GlobalSection(ProjectConfigurationPlatforms) = postSolution
		{B762FA73-AC2D-4EAB-BC4C-38AAD7207DC6}.Debug|x64.ActiveCfg = Debug|x64
		{B762FA73-AC2D-4EAB-BC4C-38AAD7207DC6}.Debug|x64.Build.0 = Debug|x64
		{B762FA73-AC2D-4EAB-BC4C-38AAD7207DC6}.Debug|x86.ActiveCfg = Debug|Win32
		{B762FA73-AC2D-4EAB-BC4C-38AAD7207DC6}.Debug|x86.Build.0 = Debug|Win32
		{B762FA73-AC2D-4EAB-BC4C-38AAD7207DC6}.Release|x64.ActiveCfg = Release|x64
		{B762FA73-AC2D-4EAB-BC4C-38AAD7207DC6}.Release|x64.Build.0 = Release|x64
		{B762FA73-AC2D-4EAB-BC4C-38AAD7207DC6}.Release|x86.ActiveCfg = Release|Win32
		{B762FA73-AC2D-4EAB-BC4C-38AAD7207DC6}.Release|x86.Build.0 = Release|Win32
		{3FBD48D6-A471-41CA-B3B9-E60FC851A401}.Debug|x64.ActiveCfg = Debug|x64
		{3FBD48D6-A471-41CA-B3B9-E60FC851A401}.Debug|x64.Build.0 = Debug|x64
		{3FBD48D6-A471-41CA-B3B9-E60FC851A401}.Debug|x86.ActiveCfg = Debug|Win32
		{3FBD48D6-A471-41CA-B3B9-E60FC851A401}.Debug|x86.Build.0 = Debug|Win32
		{3FBD48D6-A471-41CA-B3B9-E60FC851A401}.Release|x64.ActiveCfg = Release|x64
		{3FBD48D6-A471-41CA-B3B9-E60FC851A401}.Release|x64.Build.0 = Release|x64
		{3FBD48D6-A471-41CA-B3B9-E60FC851A401}.Release|x86.ActiveCfg = Release|Win32
		{3FBD48D6-A471-41CA-B3B9-E60FC851A401}.Release|x86.Build.0 = Release|Win32
		{C8F6C3D8-F7FC-47EE-9687-3AFFF7729841}.Debug|x64.ActiveCfg = Debug|x64
		{C8F6C3D8-F7FC-47EE-9687-3AFFF7729841}.Debug|x64.Build.0 = Debug|x64
		{C8F6C3D8-F7FC-47EE-9687-3AFFF7729841}.Debug|x86.ActiveCfg = Debug|Win32
		{C8F6C3D8-F7FC-47EE-9687-3AFFF7729841}.Debug|x86.Build.0 = Debug|Win32
		{C8F6C3D8-F7FC-47EE-9687-3AFFF7729841}.Release|x64.ActiveCfg = Release|x64
		{C8F6C3D8-F7FC-47EE-9687-3AFFF7729841}.Release|x64.Build.0 = Release|x64
		{C8F6C3D8-F7FC-47EE-9687-3AFFF7729841}.Release|x86.ActiveCfg = Release|Win32
		{C8F6C3D8-F7FC-47EE-9687-3AFFF7729841}.Release|x86.Build.0 = Release|Win32
		{425ED163-26B1-44A5-ACDD-B19B6AF33F19}.Debug|x64.ActiveCfg = Debug|x64
		{425ED163-26B1-44A5-ACDD-B19B6AF33F19}.Debug|x64.Build.0 = Debug|x64
		{425ED163-26B1-44A5-ACDD-B19B6AF33F19}.Debug|x86.ActiveCfg = Debug|Win32
		{425ED163-26B1-44A5-ACDD-B19B6AF33F19}.Debug|x86.Build.0 = Debug|Win32
		{425ED163-26B1-44A5-ACDD-B19B6AF33F19}.Release|x64.ActiveCfg = Release|x64
		{425ED163-26B1-44A5-ACDD-B19B6AF33F19}.Release|x64.Build.0 = Release|x64
		{425ED163-26B1-44A5-ACDD-B19B6AF33F19}.Release|x86.ActiveCfg = Release|Win32
		{425ED163-26B1-44A5-ACDD-B19B6AF33F19}.Release|x86.Build.0 = Release|Win32
		{75D913BF-F4BC-4E75-9102-1ED5D634E533}.Debug|x64.ActiveCfg = Debug|x64
		{75D913BF-F4BC-4E75-9102-1ED5D634E533}.Debug|x64.Build.0 = Debug|x64
		{75D913BF-F4BC-4E75-9102-1ED5D634E533}.Debug|x86.ActiveCfg = Debug|Win32
		{75D913BF-F4BC-4E75-9102-1ED5D634E533}.Debug|x86.Build.0 = Debug|Win32
		{75D913BF-F4BC-4E75-9102-1ED5D634E533}.Release|x64.ActiveCfg = Release|x64
		{75D913BF-F4BC-4E75-9102-1ED5D634E533}.Release|x64.Build.0 = Release|x64
		{75D913BF-F4BC-4E75-9102-1ED5D634E533}.Release|x86.ActiveCfg = Release|Win32
		{75D913BF-F4BC-4E75-9102-1ED5D634E533}.Release|x86.Build.0 = Release|Win32
		{89FAE08D-154D-4750-A2DD-F5CC2BD08030}.Debug|x64.ActiveCfg = Debug|x64
		{89FAE08D-154D-4750-A2DD-F5CC2BD08030}.Debug|x64.Build.0 = Debug|x64
		{89FAE08D-154D-4750-A2DD-F5CC2BD08030}.Debug|x86.ActiveCfg = Debug|Win32
		{89FAE08D-154D-4750-A2DD-F5CC2BD08030}.Debug|x86.Build.0 = Debug|Win32
		{89FAE08D-154D-4750-A2DD-F5CC2BD08030}.Release|x64.ActiveCfg = Release|x64
		{89FAE08D-154D-4750-A2DD-F5CC2BD08030}.Release|x64.Build.0 = Release|x64
		{89FAE08D-154D-4750-A2DD-F5CC2BD08030}.Release|x86.ActiveCfg = Release|Win32
		{89FAE08D-154D-4750-A2DD-F5CC2BD08030}.Release|x86.Build.0 = Release|Win32
		{AFE4D477-69BD-4638-A6F7-1C177C7F4873}.Debug|x64.ActiveCfg = Debug|x64
		{AFE4D477-69BD-4638-A6F7-1C177C7F4873}.Debug|x64.Build.0 = Debug|x64
		{AFE4D477-69BD-4638-A6F7-1C177C7F4873}.Debug|x86.ActiveCfg = Debug|Win32
		{AFE4D477-69BD-4638-A6F7-1C177C7F4873}.Debug|x86.Build.0 = Debug|Win32
		{AFE4D477-69BD-4638-A6F7-1C177C7F4873}.Release|x64.ActiveCfg = Release|x64
		{AFE4D477-69BD-4638-A6F7-1C177C7F4873}.Release|x64.Build.0 = Release|x64
		{AFE4D477-69BD-4638-A6F7-1C177C7F4873}.Release|x86.ActiveCfg = Release|Win32
		{AFE4D477-69BD-4638-A6F7-1C177C7F4873}.Release|x86.Build.0 = Release|Win32
		{A1DBFCE0-054B-4C64-9D3E-5CF4D788C8C4}.Debug|x64.ActiveCfg = Debug|x64
		{A1DBFCE0-054B-4C64-9D3E-5CF4D788C8C4}.Debug|x64.Build.0 = Debug|x64
		{A1DBFCE0-054B-4C64-9D3E-5CF4D788C8C4}.Debug|x86.ActiveCfg = Debug|Win32
		{A1DBFCE0-054B-4C64-9D3E-5CF4D788C8C4}.Debug|x86.Build.0 = Debug|Win32
		{A1DBFCE0-054B-4C64-9D3E-5CF4D788C8C4}.Release|x64.ActiveCfg = Release|x64
		{A1DBFCE0-054B-4C64-9D3E-5CF4D788C8C4}.Release|x64.Build.0 = Release|x64
		{A1DBFCE0-054B-4C64-9D3E-5CF4D788C8C4}.Release|x86.ActiveCfg = Release|Win32
		{A1DBFCE0-054B-4C64-9D3E-5CF4D788C8C4}.Release|x86.Build.0 = Release|Win32
		{7FF45540-1270-4669-AD64-1E08378E6312}.Debug|x64.ActiveCfg = Debug|x64
		{7FF45540-1270-4669-AD64-1E08378E6312}.Debug|x64.Build.0 = Debug|x64
		{7FF45540-1270-4669-AD64-1E08378E6312}.Debug|x86.ActiveCfg = Debug|Win32
		{7FF45540-1270-4669-AD64-1E08378E6312}.Debug|x86.Build.0 = Debug|Win32
		{7FF45540-1270-4669-AD64-1E08378E6312}.Release|x64.ActiveCfg = Release|x64
		{7FF45540-1270-4669-AD64-1E08378E6312}.Release|x64.Build.0 = Release|x64
		{7FF45540-1270-4669-AD64-1E08378E6312}.Release|x86.ActiveCfg = Release|Win32
		{7FF45540-1270-4669-AD64-1E08378E6312}.Release|x86.Build.0 = Release|Win32
		{1375E0D2-B8A5-4F18-BAC5-7288EACCAB90}.Debug|x64.ActiveCfg = Debug|x64
		{1375E0D2-B8A5-4F18-BAC5-7288EACCAB90}.Debug|x64.Build.0 = Debug|x64
		{1375E0D2-B8A5-4F18-BAC5-7288EACCAB90}.Debug|x86.ActiveCfg = Debug|Win32
		{1375E0D2-B8A5-4F18-BAC5-7288EACCAB90}.Debug|x86.Build.0 = Debug|Win32
		{1375E0D2-B8A5-4F18-BAC5-7288EACCAB90}.Release|x64.ActiveCfg = Release|x64
		{1375E0D2-B8A5-4F18-BAC5-7288EACCAB90}.Release|x64.Build.0 = Release|x64
		{1375E0D2-B8A5-4F18-BAC5-7288EACCAB90}.Release|x86.ActiveCfg = Release|Win32
		{1375E0D2-B8A5-4F18-BAC5-7288EACCAB90}.Release|x86.Build.0 = Release|Win32
		{7B788F8C-9664-463E-B778-D16CA1B970B5}.Debug|x64.ActiveCfg = Debug|x64
		{7B788F8C-9664-463E-B778-D16CA1B970B5}.Debug|x64.Build.0 = Debug|x64
		{7B788F8C-9664-463E-B778-D16CA1B970B5}.Debug|x86.ActiveCfg = Debug|Win32
		{7B788F8C-9664-463E-B778-D16CA1B970B5}.Debug|x86.Build.0 = Debug|Win32
		{7B788F8C-9664-463E-B778-D16CA1B970B5}.Release|x64.ActiveCfg = Release|x64
		{7B788F8C-9664-463E-B778-D16CA1B970B5}.Release|x64.Build.0 = Release|x64
		{7B788F8C-9664-463E-B778-D16CA1B970B5}.Release|x86.ActiveCfg = Release|Win32
		{7B788F8C-9664-463E-B778-D16CA1B970B5}.Release|x86.Build.0 = Release|Win32
		{61D101A7-7E0C-41DC-BBB2-E98C90019B41}.Debug|x64.ActiveCfg = Debug|x64
		{61D101A7-7E0C-41DC-BBB2-E98C90019B41}.Debug|x64.Build.0 = Debug|x64
		{61D101A7-7E0C-41DC-BBB2-E98C90019B41}.Debug|x86.ActiveCfg = Debug|Win32
		{61D101A7-7E0C-41DC-BBB2-E98C90019B41}.Debug|x86.Build.0 = Debug|Win32
		{61D101A7-7E0C-41DC-BBB2-E98C90019B41}.Release|x64.ActiveCfg = Release|x64
		{61D101A7-7E0C-41DC-BBB2-E98C90019B41}.Release|x64.Build.0 = Release|x64
		{61D101A7-7E0C-41DC-BBB2-E98C90019B41}.Release|x86.ActiveCfg = Release|Win32
		{61D101A7-7E0C-41DC-BBB2-E98C90019B41}.Release|x86.Build.0 = Release|Win32
		{E8CD5CF1-29C4-45C8-B9BA-3BD5186C0456}.Debug|x64.ActiveCfg = Debug|x64
		{E8CD5CF1-29C4-45C8-B9BA-3BD5186C0456}.Debug|x64.Build.0 = Debug|x64
		{E8CD5CF1-29C4-45C8-B9BA-3BD5186C0456}.Debug|x86.ActiveCfg = Debug|Win32
		{E8CD5CF1-29C4-45C8-B9BA-3BD5186C0456}.Debug|x86.Build.0 = Debug|Win32
		{E8CD5CF1-29C4-45C8-B9BA-3BD5186C0456}.Release|x64.ActiveCfg = Release|x64
		{E8CD5CF1-29C4-45C8-B9BA-3BD5186C0456}.Release|x64.Build.0 = Release|x64
		{E8CD5CF1-29C4-45C8-B9BA-3BD5186C0456}.Release|x86.ActiveCfg = Release|Win32
		{E8CD5CF1-29C4-45C8-B9BA-3BD5186C0456}.Release|x86.Build.0 = Release|Win32
	EndGlobalSection
	GlobalSection(SolutionProperties) = preSolution
		HideSolutionNode = FALSE
	EndGlobalSection
	GlobalSection(ExtensibilityGlobals) = postSolution
		SolutionGuid = {E073B5F1-1559-44AD-85C8-1F8E1AE14D76}
	EndGlobalSection
EndGlobal
