
Microsoft Visual Studio Solution File, Format Version 12.00
# Visual Studio Version 16
VisualStudioVersion = 16.0.30128.74
MinimumVisualStudioVersion = 10.0.40219.1
Project("{8BC9CEB8-8B4A-11D0-8D11-00A0C91BC942}") = "Win32Demo", "Win32Demo.vcxproj", "{B762FA73-AC2D-4EAB-BC4C-38AAD7207DC6}"
EndProject
Project("{8BC9CEB8-8B4A-11D0-8D11-00A0C91BC942}") = "01-ThreadDlg", "..\ThreadDemo\ThreadDemo.vcxproj", "{3FBD48D6-A471-41CA-B3B9-E60FC851A401}"
EndProject
Project("{8BC9CEB8-8B4A-11D0-8D11-00A0C91BC942}") = "MMFShare", "..\MMFShare\MMFShare.vcxproj", "{C8F6C3D8-F7FC-47EE-9687-3AFFF7729841}"
EndProject
Project("{8BC9CEB8-8B4A-11D0-8D11-00A0C91BC942}") = "MMFShare2", "..\MMFShare2\MMFShare2.vcxproj", "{425ED163-26B1-44A5-ACDD-B19B6AF33F19}"
EndProject
Project("{8BC9CEB8-8B4A-11D0-8D11-00A0C91BC942}") = "01-Thread01", "..\01-Thread01\01-Thread01.vcxproj", "{75D913BF-F4BC-4E75-9102-1ED5D634E533}"
EndProject
Project("{8BC9CEB8-8B4A-11D0-8D11-00A0C91BC942}") = "01-Thread02", "..\01-Thread02\01-Thread02.vcxproj", "{89FAE08D-154D-4750-A2DD-F5CC2BD08030}"
EndProject
Global
	GlobalSection(SolutionConfigurationPlatforms) = preSolution
		Debug|x64 = Debug|x64
		Debug|x86 = Debug|x86
		Release|x64 = Release|x64
		Release|x86 = Release|x86
	EndGlobalSection
	GlobalSection(ProjectConfigurationPlatforms) = postSolution
		{B762FA73-AC2D-4EAB-BC4C-38AAD7207DC6}.Debug|x64.ActiveCfg = Debug|x64
		{B762FA73-AC2D-4EAB-BC4C-38AAD7207DC6}.Debug|x64.Build.0 = Debug|x64
		{B762FA73-AC2D-4EAB-BC4C-38AAD7207DC6}.Debug|x86.ActiveCfg = Debug|Win32
		{B762FA73-AC2D-4EAB-BC4C-38AAD7207DC6}.Debug|x86.Build.0 = Debug|Win32
		{B762FA73-AC2D-4EAB-BC4C-38AAD7207DC6}.Release|x64.ActiveCfg = Release|x64
		{B762FA73-AC2D-4EAB-BC4C-38AAD7207DC6}.Release|x64.Build.0 = Release|x64
		{B762FA73-AC2D-4EAB-BC4C-38AAD7207DC6}.Release|x86.ActiveCfg = Release|Win32
		{B762FA73-AC2D-4EAB-BC4C-38AAD7207DC6}.Release|x86.Build.0 = Release|Win32
		{3FBD48D6-A471-41CA-B3B9-E60FC851A401}.Debug|x64.ActiveCfg = Debug|x64
		{3FBD48D6-A471-41CA-B3B9-E60FC851A401}.Debug|x64.Build.0 = Debug|x64
		{3FBD48D6-A471-41CA-B3B9-E60FC851A401}.Debug|x86.ActiveCfg = Debug|Win32
		{3FBD48D6-A471-41CA-B3B9-E60FC851A401}.Debug|x86.Build.0 = Debug|Win32
		{3FBD48D6-A471-41CA-B3B9-E60FC851A401}.Release|x64.ActiveCfg = Release|x64
		{3FBD48D6-A471-41CA-B3B9-E60FC851A401}.Release|x64.Build.0 = Release|x64
		{3FBD48D6-A471-41CA-B3B9-E60FC851A401}.Release|x86.ActiveCfg = Release|Win32
		{3FBD48D6-A471-41CA-B3B9-E60FC851A401}.Release|x86.Build.0 = Release|Win32
		{C8F6C3D8-F7FC-47EE-9687-3AFFF7729841}.Debug|x64.ActiveCfg = Debug|x64
		{C8F6C3D8-F7FC-47EE-9687-3AFFF7729841}.Debug|x64.Build.0 = Debug|x64
		{C8F6C3D8-F7FC-47EE-9687-3AFFF7729841}.Debug|x86.ActiveCfg = Debug|Win32
		{C8F6C3D8-F7FC-47EE-9687-3AFFF7729841}.Debug|x86.Build.0 = Debug|Win32
		{C8F6C3D8-F7FC-47EE-9687-3AFFF7729841}.Release|x64.ActiveCfg = Release|x64
		{C8F6C3D8-F7FC-47EE-9687-3AFFF7729841}.Release|x64.Build.0 = Release|x64
		{C8F6C3D8-F7FC-47EE-9687-3AFFF7729841}.Release|x86.ActiveCfg = Release|Win32
		{C8F6C3D8-F7FC-47EE-9687-3AFFF7729841}.Release|x86.Build.0 = Release|Win32
		{425ED163-26B1-44A5-ACDD-B19B6AF33F19}.Debug|x64.ActiveCfg = Debug|x64
		{425ED163-26B1-44A5-ACDD-B19B6AF33F19}.Debug|x64.Build.0 = Debug|x64
		{425ED163-26B1-44A5-ACDD-B19B6AF33F19}.Debug|x86.ActiveCfg = Debug|Win32
		{425ED163-26B1-44A5-ACDD-B19B6AF33F19}.Debug|x86.Build.0 = Debug|Win32
		{425ED163-26B1-44A5-ACDD-B19B6AF33F19}.Release|x64.ActiveCfg = Release|x64
		{425ED163-26B1-44A5-ACDD-B19B6AF33F19}.Release|x64.Build.0 = Release|x64
		{425ED163-26B1-44A5-ACDD-B19B6AF33F19}.Release|x86.ActiveCfg = Release|Win32
		{425ED163-26B1-44A5-ACDD-B19B6AF33F19}.Release|x86.Build.0 = Release|Win32
		{75D913BF-F4BC-4E75-9102-1ED5D634E533}.Debug|x64.ActiveCfg = Debug|x64
		{75D913BF-F4BC-4E75-9102-1ED5D634E533}.Debug|x64.Build.0 = Debug|x64
		{75D913BF-F4BC-4E75-9102-1ED5D634E533}.Debug|x86.ActiveCfg = Debug|Win32
		{75D913BF-F4BC-4E75-9102-1ED5D634E533}.Debug|x86.Build.0 = Debug|Win32
		{75D913BF-F4BC-4E75-9102-1ED5D634E533}.Release|x64.ActiveCfg = Release|x64
		{75D913BF-F4BC-4E75-9102-1ED5D634E533}.Release|x64.Build.0 = Release|x64
		{75D913BF-F4BC-4E75-9102-1ED5D634E533}.Release|x86.ActiveCfg = Release|Win32
		{75D913BF-F4BC-4E75-9102-1ED5D634E533}.Release|x86.Build.0 = Release|Win32
		{89FAE08D-154D-4750-A2DD-F5CC2BD08030}.Debug|x64.ActiveCfg = Debug|x64
		{89FAE08D-154D-4750-A2DD-F5CC2BD08030}.Debug|x64.Build.0 = Debug|x64
		{89FAE08D-154D-4750-A2DD-F5CC2BD08030}.Debug|x86.ActiveCfg = Debug|Win32
		{89FAE08D-154D-4750-A2DD-F5CC2BD08030}.Debug|x86.Build.0 = Debug|Win32
		{89FAE08D-154D-4750-A2DD-F5CC2BD08030}.Release|x64.ActiveCfg = Release|x64
		{89FAE08D-154D-4750-A2DD-F5CC2BD08030}.Release|x64.Build.0 = Release|x64
		{89FAE08D-154D-4750-A2DD-F5CC2BD08030}.Release|x86.ActiveCfg = Release|Win32
		{89FAE08D-154D-4750-A2DD-F5CC2BD08030}.Release|x86.Build.0 = Release|Win32
	EndGlobalSection
	GlobalSection(SolutionProperties) = preSolution
		HideSolutionNode = FALSE
	EndGlobalSection
	GlobalSection(ExtensibilityGlobals) = postSolution
		SolutionGuid = {E073B5F1-1559-44AD-85C8-1F8E1AE14D76}
	EndGlobalSection
EndGlobal
